
Microsoft Visual Studio Solution File, Format Version 12.00
# Visual Studio Version 17
VisualStudioVersion = 17.14.36518.9
MinimumVisualStudioVersion = 10.0.40219.1
Project("{FAE04EC0-301F-11D3-BF4B-00C04F79EFBC}") = "OpenAPI.API", "OpenAPI.API\OpenAPI.API.csproj", "{D4DB0958-14AC-4FFB-B854-D2B2F666FBF5}"
EndProject
Project("{FAE04EC0-301F-11D3-BF4B-00C04F79EFBC}") = "OpenAPI.Application", "OpenAPI.Application\OpenAPI.Application.csproj", "{4E2EB277-899A-48B5-ACAC-B217676FB76E}"
EndProject
Project("{FAE04EC0-301F-11D3-BF4B-00C04F79EFBC}") = "OpenAPI.Infrastructure", "OpenAPI.Infrastructure\OpenAPI.Infrastructure.csproj", "{9D98EE64-477E-46FE-B4E1-B35157B6AD86}"
EndProject
Project("{FAE04EC0-301F-11D3-BF4B-00C04F79EFBC}") = "OpenAPI.Domain", "OpenAPI.Domain\OpenAPI.Domain.csproj", "{510FD751-BA24-4280-B857-BC47AB5A70C8}"
EndProject
Global
	GlobalSection(SolutionConfigurationPlatforms) = preSolution
		Debug|Any CPU = Debug|Any CPU
		Release|Any CPU = Release|Any CPU
	EndGlobalSection
	GlobalSection(ProjectConfigurationPlatforms) = postSolution
		{D4DB0958-14AC-4FFB-B854-D2B2F666FBF5}.Debug|Any CPU.ActiveCfg = Debug|Any CPU
		{D4DB0958-14AC-4FFB-B854-D2B2F666FBF5}.Debug|Any CPU.Build.0 = Debug|Any CPU
		{D4DB0958-14AC-4FFB-B854-D2B2F666FBF5}.Release|Any CPU.ActiveCfg = Release|Any CPU
		{D4DB0958-14AC-4FFB-B854-D2B2F666FBF5}.Release|Any CPU.Build.0 = Release|Any CPU
		{4E2EB277-899A-48B5-ACAC-B217676FB76E}.Debug|Any CPU.ActiveCfg = Debug|Any CPU
		{4E2EB277-899A-48B5-ACAC-B217676FB76E}.Debug|Any CPU.Build.0 = Debug|Any CPU
		{4E2EB277-899A-48B5-ACAC-B217676FB76E}.Release|Any CPU.ActiveCfg = Release|Any CPU
		{4E2EB277-899A-48B5-ACAC-B217676FB76E}.Release|Any CPU.Build.0 = Release|Any CPU
		{9D98EE64-477E-46FE-B4E1-B35157B6AD86}.Debug|Any CPU.ActiveCfg = Debug|Any CPU
		{9D98EE64-477E-46FE-B4E1-B35157B6AD86}.Debug|Any CPU.Build.0 = Debug|Any CPU
		{9D98EE64-477E-46FE-B4E1-B35157B6AD86}.Release|Any CPU.ActiveCfg = Release|Any CPU
		{9D98EE64-477E-46FE-B4E1-B35157B6AD86}.Release|Any CPU.Build.0 = Release|Any CPU
		{510FD751-BA24-4280-B857-BC47AB5A70C8}.Debug|Any CPU.ActiveCfg = Debug|Any CPU
		{510FD751-BA24-4280-B857-BC47AB5A70C8}.Debug|Any CPU.Build.0 = Debug|Any CPU
		{510FD751-BA24-4280-B857-BC47AB5A70C8}.Release|Any CPU.ActiveCfg = Release|Any CPU
		{510FD751-BA24-4280-B857-BC47AB5A70C8}.Release|Any CPU.Build.0 = Release|Any CPU
	EndGlobalSection
	GlobalSection(SolutionProperties) = preSolution
		HideSolutionNode = FALSE
	EndGlobalSection
	GlobalSection(ExtensibilityGlobals) = postSolution
		SolutionGuid = {93346D27-9BAA-4EB6-98B1-77EC705E0FD7}
	EndGlobalSection
EndGlobal
